// !$*UTF8*$!
{
	archiveVersion = 1;
	classes = {
	};
	objectVersion = 56;
	objects = {

/* Begin PBXBuildFile section */
		A7783AB92C1B258900088F83 /* GS+Enemy.swift in Sources */ = {isa = PBXBuildFile; fileRef = A7783AB82C1B258900088F83 /* GS+Enemy.swift */; };
		A7783ABB2C1B2BD300088F83 /* PhysicsMasks.swift in Sources */ = {isa = PBXBuildFile; fileRef = A7783ABA2C1B2BD300088F83 /* PhysicsMasks.swift */; };
		A7783ABD2C1B2C0B00088F83 /* Math.swift in Sources */ = {isa = PBXBuildFile; fileRef = A7783ABC2C1B2C0B00088F83 /* Math.swift */; };
		A795C1012C0F68AE008C8AE2 /* Hell_CityApp.swift in Sources */ = {isa = PBXBuildFile; fileRef = A795C1002C0F68AE008C8AE2 /* Hell_CityApp.swift */; };
		A795C1032C0F68AE008C8AE2 /* GameView.swift in Sources */ = {isa = PBXBuildFile; fileRef = A795C1022C0F68AE008C8AE2 /* GameView.swift */; };
		A795C1052C0F68AF008C8AE2 /* Assets.xcassets in Resources */ = {isa = PBXBuildFile; fileRef = A795C1042C0F68AF008C8AE2 /* Assets.xcassets */; };
		A795C1092C0F68AF008C8AE2 /* Preview Assets.xcassets in Resources */ = {isa = PBXBuildFile; fileRef = A795C1082C0F68AF008C8AE2 /* Preview Assets.xcassets */; };
		A795C1112C0F68CD008C8AE2 /* GameScene.swift in Sources */ = {isa = PBXBuildFile; fileRef = A795C1102C0F68CD008C8AE2 /* GameScene.swift */; };
		A795C1142C0F69A4008C8AE2 /* GS+Terrain.swift in Sources */ = {isa = PBXBuildFile; fileRef = A795C1132C0F69A4008C8AE2 /* GS+Terrain.swift */; };
		A795C1162C0F69AA008C8AE2 /* Terrain.swift in Sources */ = {isa = PBXBuildFile; fileRef = A795C1152C0F69AA008C8AE2 /* Terrain.swift */; };
		A795C1182C0F69C7008C8AE2 /* GameSettings.swift in Sources */ = {isa = PBXBuildFile; fileRef = A795C1172C0F69C7008C8AE2 /* GameSettings.swift */; };
		A795C11A2C0F6A80008C8AE2 /* Tokens.swift in Sources */ = {isa = PBXBuildFile; fileRef = A795C1192C0F6A80008C8AE2 /* Tokens.swift */; };
		A795C11D2C0F77E5008C8AE2 /* GS+Gestures.swift in Sources */ = {isa = PBXBuildFile; fileRef = A795C11C2C0F77E5008C8AE2 /* GS+Gestures.swift */; };
		A795C1202C0F8511008C8AE2 /* GS+City.swift in Sources */ = {isa = PBXBuildFile; fileRef = A795C11F2C0F8511008C8AE2 /* GS+City.swift */; };
		A795C1222C0F8517008C8AE2 /* City.swift in Sources */ = {isa = PBXBuildFile; fileRef = A795C1212C0F8517008C8AE2 /* City.swift */; };
		A795C1242C0F8557008C8AE2 /* InputState.swift in Sources */ = {isa = PBXBuildFile; fileRef = A795C1232C0F8557008C8AE2 /* InputState.swift */; };
		A795C1262C0F89AE008C8AE2 /* GS+Camera.swift in Sources */ = {isa = PBXBuildFile; fileRef = A795C1252C0F89AE008C8AE2 /* GS+Camera.swift */; };
		A795C1282C0F8B7C008C8AE2 /* GS+InputState.swift in Sources */ = {isa = PBXBuildFile; fileRef = A795C1272C0F8B7C008C8AE2 /* GS+InputState.swift */; };
		A7A534852C2128270055BBB7 /* NodeType.swift in Sources */ = {isa = PBXBuildFile; fileRef = A7A534842C2128270055BBB7 /* NodeType.swift */; };
		A7A534872C212C3F0055BBB7 /* GS+Utilities.swift in Sources */ = {isa = PBXBuildFile; fileRef = A7A534862C212C3F0055BBB7 /* GS+Utilities.swift */; };
		A7B586F32C1207C900553DC8 /* Names.swift in Sources */ = {isa = PBXBuildFile; fileRef = A7B586F22C1207C900553DC8 /* Names.swift */; };
		A7D53BB12C1A69580071E051 /* Camp+Pathfind.swift in Sources */ = {isa = PBXBuildFile; fileRef = A7D53BB02C1A69580071E051 /* Camp+Pathfind.swift */; };
		A7D53BB42C1A6A040071E051 /* Enemy.swift in Sources */ = {isa = PBXBuildFile; fileRef = A7D53BB32C1A6A040071E051 /* Enemy.swift */; };
		A7D796812C100C1C003A18E0 /* GS+Camp.swift in Sources */ = {isa = PBXBuildFile; fileRef = A7D796802C100C1C003A18E0 /* GS+Camp.swift */; };
		A7D796832C100C23003A18E0 /* Camp.swift in Sources */ = {isa = PBXBuildFile; fileRef = A7D796822C100C23003A18E0 /* Camp.swift */; };
		A7D796852C100C8D003A18E0 /* GS+Tick.swift in Sources */ = {isa = PBXBuildFile; fileRef = A7D796842C100C8D003A18E0 /* GS+Tick.swift */; };
		A7F2248A2C10020E009D781F /* Animations.swift in Sources */ = {isa = PBXBuildFile; fileRef = A7F224892C10020E009D781F /* Animations.swift */; };
		A7F2248C2C1004FF009D781F /* GS+UI.swift in Sources */ = {isa = PBXBuildFile; fileRef = A7F2248B2C1004FF009D781F /* GS+UI.swift */; };
		A7F2248E2C100546009D781F /* Layers.swift in Sources */ = {isa = PBXBuildFile; fileRef = A7F2248D2C100546009D781F /* Layers.swift */; };
		A7F224922C10071F009D781F /* GS+GameState.swift in Sources */ = {isa = PBXBuildFile; fileRef = A7F224912C10071F009D781F /* GS+GameState.swift */; };
		A7F224942C100726009D781F /* GameState.swift in Sources */ = {isa = PBXBuildFile; fileRef = A7F224932C100726009D781F /* GameState.swift */; };
		A7F224972C100A5B009D781F /* Label.swift in Sources */ = {isa = PBXBuildFile; fileRef = A7F224962C100A5B009D781F /* Label.swift */; };
/* End PBXBuildFile section */

/* Begin PBXFileReference section */
		A7783AB82C1B258900088F83 /* GS+Enemy.swift */ = {isa = PBXFileReference; lastKnownFileType = sourcecode.swift; path = "GS+Enemy.swift"; sourceTree = "<group>"; };
		A7783ABA2C1B2BD300088F83 /* PhysicsMasks.swift */ = {isa = PBXFileReference; lastKnownFileType = sourcecode.swift; path = PhysicsMasks.swift; sourceTree = "<group>"; };
		A7783ABC2C1B2C0B00088F83 /* Math.swift */ = {isa = PBXFileReference; fileEncoding = 4; lastKnownFileType = sourcecode.swift; path = Math.swift; sourceTree = "<group>"; };
		A795C0FD2C0F68AE008C8AE2 /* Hell City.app */ = {isa = PBXFileReference; explicitFileType = wrapper.application; includeInIndex = 0; path = "Hell City.app"; sourceTree = BUILT_PRODUCTS_DIR; };
		A795C1002C0F68AE008C8AE2 /* Hell_CityApp.swift */ = {isa = PBXFileReference; lastKnownFileType = sourcecode.swift; path = Hell_CityApp.swift; sourceTree = "<group>"; };
		A795C1022C0F68AE008C8AE2 /* GameView.swift */ = {isa = PBXFileReference; lastKnownFileType = sourcecode.swift; path = GameView.swift; sourceTree = "<group>"; };
		A795C1042C0F68AF008C8AE2 /* Assets.xcassets */ = {isa = PBXFileReference; lastKnownFileType = folder.assetcatalog; path = Assets.xcassets; sourceTree = "<group>"; };
		A795C1062C0F68AF008C8AE2 /* Hell_City.entitlements */ = {isa = PBXFileReference; lastKnownFileType = text.plist.entitlements; path = Hell_City.entitlements; sourceTree = "<group>"; };
		A795C1082C0F68AF008C8AE2 /* Preview Assets.xcassets */ = {isa = PBXFileReference; lastKnownFileType = folder.assetcatalog; path = "Preview Assets.xcassets"; sourceTree = "<group>"; };
		A795C1102C0F68CD008C8AE2 /* GameScene.swift */ = {isa = PBXFileReference; lastKnownFileType = sourcecode.swift; path = GameScene.swift; sourceTree = "<group>"; };
		A795C1132C0F69A4008C8AE2 /* GS+Terrain.swift */ = {isa = PBXFileReference; lastKnownFileType = sourcecode.swift; path = "GS+Terrain.swift"; sourceTree = "<group>"; };
		A795C1152C0F69AA008C8AE2 /* Terrain.swift */ = {isa = PBXFileReference; lastKnownFileType = sourcecode.swift; path = Terrain.swift; sourceTree = "<group>"; };
		A795C1172C0F69C7008C8AE2 /* GameSettings.swift */ = {isa = PBXFileReference; lastKnownFileType = sourcecode.swift; path = GameSettings.swift; sourceTree = "<group>"; };
		A795C1192C0F6A80008C8AE2 /* Tokens.swift */ = {isa = PBXFileReference; lastKnownFileType = sourcecode.swift; path = Tokens.swift; sourceTree = "<group>"; };
		A795C11C2C0F77E5008C8AE2 /* GS+Gestures.swift */ = {isa = PBXFileReference; lastKnownFileType = sourcecode.swift; path = "GS+Gestures.swift"; sourceTree = "<group>"; };
		A795C11F2C0F8511008C8AE2 /* GS+City.swift */ = {isa = PBXFileReference; lastKnownFileType = sourcecode.swift; path = "GS+City.swift"; sourceTree = "<group>"; };
		A795C1212C0F8517008C8AE2 /* City.swift */ = {isa = PBXFileReference; lastKnownFileType = sourcecode.swift; path = City.swift; sourceTree = "<group>"; };
		A795C1232C0F8557008C8AE2 /* InputState.swift */ = {isa = PBXFileReference; lastKnownFileType = sourcecode.swift; path = InputState.swift; sourceTree = "<group>"; };
		A795C1252C0F89AE008C8AE2 /* GS+Camera.swift */ = {isa = PBXFileReference; lastKnownFileType = sourcecode.swift; path = "GS+Camera.swift"; sourceTree = "<group>"; };
		A795C1272C0F8B7C008C8AE2 /* GS+InputState.swift */ = {isa = PBXFileReference; lastKnownFileType = sourcecode.swift; path = "GS+InputState.swift"; sourceTree = "<group>"; };
		A7A534842C2128270055BBB7 /* NodeType.swift */ = {isa = PBXFileReference; lastKnownFileType = sourcecode.swift; path = NodeType.swift; sourceTree = "<group>"; };
		A7A534862C212C3F0055BBB7 /* GS+Utilities.swift */ = {isa = PBXFileReference; lastKnownFileType = sourcecode.swift; path = "GS+Utilities.swift"; sourceTree = "<group>"; };
		A7B586F22C1207C900553DC8 /* Names.swift */ = {isa = PBXFileReference; lastKnownFileType = sourcecode.swift; path = Names.swift; sourceTree = "<group>"; };
		A7D53BB02C1A69580071E051 /* Camp+Pathfind.swift */ = {isa = PBXFileReference; lastKnownFileType = sourcecode.swift; path = "Camp+Pathfind.swift"; sourceTree = "<group>"; };
		A7D53BB32C1A6A040071E051 /* Enemy.swift */ = {isa = PBXFileReference; lastKnownFileType = sourcecode.swift; path = Enemy.swift; sourceTree = "<group>"; };
		A7D796802C100C1C003A18E0 /* GS+Camp.swift */ = {isa = PBXFileReference; lastKnownFileType = sourcecode.swift; path = "GS+Camp.swift"; sourceTree = "<group>"; };
		A7D796822C100C23003A18E0 /* Camp.swift */ = {isa = PBXFileReference; lastKnownFileType = sourcecode.swift; path = Camp.swift; sourceTree = "<group>"; };
		A7D796842C100C8D003A18E0 /* GS+Tick.swift */ = {isa = PBXFileReference; lastKnownFileType = sourcecode.swift; path = "GS+Tick.swift"; sourceTree = "<group>"; };
		A7F224892C10020E009D781F /* Animations.swift */ = {isa = PBXFileReference; lastKnownFileType = sourcecode.swift; path = Animations.swift; sourceTree = "<group>"; };
		A7F2248B2C1004FF009D781F /* GS+UI.swift */ = {isa = PBXFileReference; lastKnownFileType = sourcecode.swift; path = "GS+UI.swift"; sourceTree = "<group>"; };
		A7F2248D2C100546009D781F /* Layers.swift */ = {isa = PBXFileReference; lastKnownFileType = sourcecode.swift; path = Layers.swift; sourceTree = "<group>"; };
		A7F224912C10071F009D781F /* GS+GameState.swift */ = {isa = PBXFileReference; lastKnownFileType = sourcecode.swift; path = "GS+GameState.swift"; sourceTree = "<group>"; };
		A7F224932C100726009D781F /* GameState.swift */ = {isa = PBXFileReference; lastKnownFileType = sourcecode.swift; path = GameState.swift; sourceTree = "<group>"; };
		A7F224962C100A5B009D781F /* Label.swift */ = {isa = PBXFileReference; lastKnownFileType = sourcecode.swift; path = Label.swift; sourceTree = "<group>"; };
/* End PBXFileReference section */

/* Begin PBXFrameworksBuildPhase section */
		A795C0FA2C0F68AE008C8AE2 /* Frameworks */ = {
			isa = PBXFrameworksBuildPhase;
			buildActionMask = 2147483647;
			files = (
			);
			runOnlyForDeploymentPostprocessing = 0;
		};
/* End PBXFrameworksBuildPhase section */

/* Begin PBXGroup section */
		A7453C832C1001AB00B5A688 /* Misc */ = {
			isa = PBXGroup;
			children = (
				A7783ABE2C1B2C4600088F83 /* Nodes Configs */,
				A7F224892C10020E009D781F /* Animations.swift */,
				A7783ABC2C1B2C0B00088F83 /* Math.swift */,
				A7F224962C100A5B009D781F /* Label.swift */,
				A7A534842C2128270055BBB7 /* NodeType.swift */,
			);
			path = Misc;
			sourceTree = "<group>";
		};
		A7783ABE2C1B2C4600088F83 /* Nodes Configs */ = {
			isa = PBXGroup;
			children = (
				A7B586F22C1207C900553DC8 /* Names.swift */,
				A7F2248D2C100546009D781F /* Layers.swift */,
				A7783ABA2C1B2BD300088F83 /* PhysicsMasks.swift */,
			);
			path = "Nodes Configs";
			sourceTree = "<group>";
		};
		A795C0F42C0F68AE008C8AE2 = {
			isa = PBXGroup;
			children = (
				A795C0FF2C0F68AE008C8AE2 /* Hell City */,
				A795C0FE2C0F68AE008C8AE2 /* Products */,
			);
			sourceTree = "<group>";
		};
		A795C0FE2C0F68AE008C8AE2 /* Products */ = {
			isa = PBXGroup;
			children = (
				A795C0FD2C0F68AE008C8AE2 /* Hell City.app */,
			);
			name = Products;
			sourceTree = "<group>";
		};
		A795C0FF2C0F68AE008C8AE2 /* Hell City */ = {
			isa = PBXGroup;
			children = (
				A795C1002C0F68AE008C8AE2 /* Hell_CityApp.swift */,
				A795C1022C0F68AE008C8AE2 /* GameView.swift */,
				A795C10F2C0F68BF008C8AE2 /* GameScene */,
				A795C11B2C0F6A84008C8AE2 /* Design */,
				A795C1042C0F68AF008C8AE2 /* Assets.xcassets */,
				A795C1062C0F68AF008C8AE2 /* Hell_City.entitlements */,
				A795C1072C0F68AF008C8AE2 /* Preview Content */,
			);
			path = "Hell City";
			sourceTree = "<group>";
		};
		A795C1072C0F68AF008C8AE2 /* Preview Content */ = {
			isa = PBXGroup;
			children = (
				A795C1082C0F68AF008C8AE2 /* Preview Assets.xcassets */,
			);
			path = "Preview Content";
			sourceTree = "<group>";
		};
		A795C10F2C0F68BF008C8AE2 /* GameScene */ = {
			isa = PBXGroup;
			children = (
				A795C1102C0F68CD008C8AE2 /* GameScene.swift */,
				A795C1172C0F69C7008C8AE2 /* GameSettings.swift */,
				A795C11C2C0F77E5008C8AE2 /* GS+Gestures.swift */,
				A795C1252C0F89AE008C8AE2 /* GS+Camera.swift */,
				A7F2248B2C1004FF009D781F /* GS+UI.swift */,
				A7D796842C100C8D003A18E0 /* GS+Tick.swift */,
				A7A534862C212C3F0055BBB7 /* GS+Utilities.swift */,
				A7F224902C1006D9009D781F /* GameState */,
				A7F2248F2C1006C7009D781F /* InputState */,
				A795C11E2C0F8503008C8AE2 /* City */,
				A795C1122C0F6993008C8AE2 /* Terrain */,
				A7F224952C100A3F009D781F /* Camp */,
				A7D53BB22C1A69F60071E051 /* Enemy */,
				A7453C832C1001AB00B5A688 /* Misc */,
			);
			path = GameScene;
			sourceTree = "<group>";
		};
		A795C1122C0F6993008C8AE2 /* Terrain */ = {
			isa = PBXGroup;
			children = (
				A795C1132C0F69A4008C8AE2 /* GS+Terrain.swift */,
				A795C1152C0F69AA008C8AE2 /* Terrain.swift */,
			);
			path = Terrain;
			sourceTree = "<group>";
		};
		A795C11B2C0F6A84008C8AE2 /* Design */ = {
			isa = PBXGroup;
			children = (
				A795C1192C0F6A80008C8AE2 /* Tokens.swift */,
			);
			path = Design;
			sourceTree = "<group>";
		};
		A795C11E2C0F8503008C8AE2 /* City */ = {
			isa = PBXGroup;
			children = (
				A795C11F2C0F8511008C8AE2 /* GS+City.swift */,
				A795C1212C0F8517008C8AE2 /* City.swift */,
			);
			path = City;
			sourceTree = "<group>";
		};
		A7D53BB22C1A69F60071E051 /* Enemy */ = {
			isa = PBXGroup;
			children = (
				A7D53BB32C1A6A040071E051 /* Enemy.swift */,
				A7783AB82C1B258900088F83 /* GS+Enemy.swift */,
			);
			path = Enemy;
			sourceTree = "<group>";
		};
		A7F2248F2C1006C7009D781F /* InputState */ = {
			isa = PBXGroup;
			children = (
				A795C1272C0F8B7C008C8AE2 /* GS+InputState.swift */,
				A795C1232C0F8557008C8AE2 /* InputState.swift */,
			);
			path = InputState;
			sourceTree = "<group>";
		};
		A7F224902C1006D9009D781F /* GameState */ = {
			isa = PBXGroup;
			children = (
				A7F224912C10071F009D781F /* GS+GameState.swift */,
				A7F224932C100726009D781F /* GameState.swift */,
			);
			path = GameState;
			sourceTree = "<group>";
		};
		A7F224952C100A3F009D781F /* Camp */ = {
			isa = PBXGroup;
			children = (
				A7D796802C100C1C003A18E0 /* GS+Camp.swift */,
				A7D796822C100C23003A18E0 /* Camp.swift */,
				A7D53BB02C1A69580071E051 /* Camp+Pathfind.swift */,
			);
			path = Camp;
			sourceTree = "<group>";
		};
/* End PBXGroup section */

/* Begin PBXNativeTarget section */
		A795C0FC2C0F68AE008C8AE2 /* Hell City */ = {
			isa = PBXNativeTarget;
			buildConfigurationList = A795C10C2C0F68AF008C8AE2 /* Build configuration list for PBXNativeTarget "Hell City" */;
			buildPhases = (
				A795C0F92C0F68AE008C8AE2 /* Sources */,
				A795C0FA2C0F68AE008C8AE2 /* Frameworks */,
				A795C0FB2C0F68AE008C8AE2 /* Resources */,
			);
			buildRules = (
			);
			dependencies = (
			);
			name = "Hell City";
			productName = "Hell City";
			productReference = A795C0FD2C0F68AE008C8AE2 /* Hell City.app */;
			productType = "com.apple.product-type.application";
		};
/* End PBXNativeTarget section */

/* Begin PBXProject section */
		A795C0F52C0F68AE008C8AE2 /* Project object */ = {
			isa = PBXProject;
			attributes = {
				BuildIndependentTargetsInParallel = 1;
				LastSwiftUpdateCheck = 1540;
				LastUpgradeCheck = 1540;
				TargetAttributes = {
					A795C0FC2C0F68AE008C8AE2 = {
						CreatedOnToolsVersion = 15.4;
					};
				};
			};
			buildConfigurationList = A795C0F82C0F68AE008C8AE2 /* Build configuration list for PBXProject "Hell City" */;
			compatibilityVersion = "Xcode 14.0";
			developmentRegion = en;
			hasScannedForEncodings = 0;
			knownRegions = (
				en,
				Base,
			);
			mainGroup = A795C0F42C0F68AE008C8AE2;
			productRefGroup = A795C0FE2C0F68AE008C8AE2 /* Products */;
			projectDirPath = "";
			projectRoot = "";
			targets = (
				A795C0FC2C0F68AE008C8AE2 /* Hell City */,
			);
		};
/* End PBXProject section */

/* Begin PBXResourcesBuildPhase section */
		A795C0FB2C0F68AE008C8AE2 /* Resources */ = {
			isa = PBXResourcesBuildPhase;
			buildActionMask = 2147483647;
			files = (
				A795C1092C0F68AF008C8AE2 /* Preview Assets.xcassets in Resources */,
				A795C1052C0F68AF008C8AE2 /* Assets.xcassets in Resources */,
			);
			runOnlyForDeploymentPostprocessing = 0;
		};
/* End PBXResourcesBuildPhase section */

/* Begin PBXSourcesBuildPhase section */
		A795C0F92C0F68AE008C8AE2 /* Sources */ = {
			isa = PBXSourcesBuildPhase;
			buildActionMask = 2147483647;
			files = (
				A795C1112C0F68CD008C8AE2 /* GameScene.swift in Sources */,
				A795C1142C0F69A4008C8AE2 /* GS+Terrain.swift in Sources */,
				A7D53BB42C1A6A040071E051 /* Enemy.swift in Sources */,
				A7783ABD2C1B2C0B00088F83 /* Math.swift in Sources */,
				A795C1182C0F69C7008C8AE2 /* GameSettings.swift in Sources */,
				A795C1202C0F8511008C8AE2 /* GS+City.swift in Sources */,
				A795C11D2C0F77E5008C8AE2 /* GS+Gestures.swift in Sources */,
				A7F224972C100A5B009D781F /* Label.swift in Sources */,
				A7D796852C100C8D003A18E0 /* GS+Tick.swift in Sources */,
				A795C1162C0F69AA008C8AE2 /* Terrain.swift in Sources */,
				A7A534872C212C3F0055BBB7 /* GS+Utilities.swift in Sources */,
				A7F2248A2C10020E009D781F /* Animations.swift in Sources */,
				A7F224922C10071F009D781F /* GS+GameState.swift in Sources */,
				A7F2248E2C100546009D781F /* Layers.swift in Sources */,
				A795C1222C0F8517008C8AE2 /* City.swift in Sources */,
				A7F2248C2C1004FF009D781F /* GS+UI.swift in Sources */,
				A7783ABB2C1B2BD300088F83 /* PhysicsMasks.swift in Sources */,
				A795C1032C0F68AE008C8AE2 /* GameView.swift in Sources */,
				A7D796832C100C23003A18E0 /* Camp.swift in Sources */,
				A795C1262C0F89AE008C8AE2 /* GS+Camera.swift in Sources */,
				A7D796812C100C1C003A18E0 /* GS+Camp.swift in Sources */,
				A7B586F32C1207C900553DC8 /* Names.swift in Sources */,
				A7D53BB12C1A69580071E051 /* Camp+Pathfind.swift in Sources */,
				A795C1012C0F68AE008C8AE2 /* Hell_CityApp.swift in Sources */,
				A795C1282C0F8B7C008C8AE2 /* GS+InputState.swift in Sources */,
				A7F224942C100726009D781F /* GameState.swift in Sources */,
				A7A534852C2128270055BBB7 /* NodeType.swift in Sources */,
				A795C11A2C0F6A80008C8AE2 /* Tokens.swift in Sources */,
				A795C1242C0F8557008C8AE2 /* InputState.swift in Sources */,
				A7783AB92C1B258900088F83 /* GS+Enemy.swift in Sources */,
			);
			runOnlyForDeploymentPostprocessing = 0;
		};
/* End PBXSourcesBuildPhase section */

/* Begin XCBuildConfiguration section */
		A795C10A2C0F68AF008C8AE2 /* Debug */ = {
			isa = XCBuildConfiguration;
			buildSettings = {
				ALWAYS_SEARCH_USER_PATHS = NO;
				ASSETCATALOG_COMPILER_GENERATE_SWIFT_ASSET_SYMBOL_EXTENSIONS = YES;
				CLANG_ANALYZER_NONNULL = YES;
				CLANG_ANALYZER_NUMBER_OBJECT_CONVERSION = YES_AGGRESSIVE;
				CLANG_CXX_LANGUAGE_STANDARD = "gnu++20";
				CLANG_ENABLE_MODULES = YES;
				CLANG_ENABLE_OBJC_ARC = YES;
				CLANG_ENABLE_OBJC_WEAK = YES;
				CLANG_WARN_BLOCK_CAPTURE_AUTORELEASING = YES;
				CLANG_WARN_BOOL_CONVERSION = YES;
				CLANG_WARN_COMMA = YES;
				CLANG_WARN_CONSTANT_CONVERSION = YES;
				CLANG_WARN_DEPRECATED_OBJC_IMPLEMENTATIONS = YES;
				CLANG_WARN_DIRECT_OBJC_ISA_USAGE = YES_ERROR;
				CLANG_WARN_DOCUMENTATION_COMMENTS = YES;
				CLANG_WARN_EMPTY_BODY = YES;
				CLANG_WARN_ENUM_CONVERSION = YES;
				CLANG_WARN_INFINITE_RECURSION = YES;
				CLANG_WARN_INT_CONVERSION = YES;
				CLANG_WARN_NON_LITERAL_NULL_CONVERSION = YES;
				CLANG_WARN_OBJC_IMPLICIT_RETAIN_SELF = YES;
				CLANG_WARN_OBJC_LITERAL_CONVERSION = YES;
				CLANG_WARN_OBJC_ROOT_CLASS = YES_ERROR;
				CLANG_WARN_QUOTED_INCLUDE_IN_FRAMEWORK_HEADER = YES;
				CLANG_WARN_RANGE_LOOP_ANALYSIS = YES;
				CLANG_WARN_STRICT_PROTOTYPES = YES;
				CLANG_WARN_SUSPICIOUS_MOVE = YES;
				CLANG_WARN_UNGUARDED_AVAILABILITY = YES_AGGRESSIVE;
				CLANG_WARN_UNREACHABLE_CODE = YES;
				CLANG_WARN__DUPLICATE_METHOD_MATCH = YES;
				COPY_PHASE_STRIP = NO;
				DEBUG_INFORMATION_FORMAT = dwarf;
				ENABLE_STRICT_OBJC_MSGSEND = YES;
				ENABLE_TESTABILITY = YES;
				ENABLE_USER_SCRIPT_SANDBOXING = YES;
				GCC_C_LANGUAGE_STANDARD = gnu17;
				GCC_DYNAMIC_NO_PIC = NO;
				GCC_NO_COMMON_BLOCKS = YES;
				GCC_OPTIMIZATION_LEVEL = 0;
				GCC_PREPROCESSOR_DEFINITIONS = (
					"DEBUG=1",
					"$(inherited)",
				);
				GCC_WARN_64_TO_32_BIT_CONVERSION = YES;
				GCC_WARN_ABOUT_RETURN_TYPE = YES_ERROR;
				GCC_WARN_UNDECLARED_SELECTOR = YES;
				GCC_WARN_UNINITIALIZED_AUTOS = YES_AGGRESSIVE;
				GCC_WARN_UNUSED_FUNCTION = YES;
				GCC_WARN_UNUSED_VARIABLE = YES;
				LOCALIZATION_PREFERS_STRING_CATALOGS = YES;
				MTL_ENABLE_DEBUG_INFO = INCLUDE_SOURCE;
				MTL_FAST_MATH = YES;
				ONLY_ACTIVE_ARCH = YES;
				SWIFT_ACTIVE_COMPILATION_CONDITIONS = "DEBUG $(inherited)";
				SWIFT_OPTIMIZATION_LEVEL = "-Onone";
			};
			name = Debug;
		};
		A795C10B2C0F68AF008C8AE2 /* Release */ = {
			isa = XCBuildConfiguration;
			buildSettings = {
				ALWAYS_SEARCH_USER_PATHS = NO;
				ASSETCATALOG_COMPILER_GENERATE_SWIFT_ASSET_SYMBOL_EXTENSIONS = YES;
				CLANG_ANALYZER_NONNULL = YES;
				CLANG_ANALYZER_NUMBER_OBJECT_CONVERSION = YES_AGGRESSIVE;
				CLANG_CXX_LANGUAGE_STANDARD = "gnu++20";
				CLANG_ENABLE_MODULES = YES;
				CLANG_ENABLE_OBJC_ARC = YES;
				CLANG_ENABLE_OBJC_WEAK = YES;
				CLANG_WARN_BLOCK_CAPTURE_AUTORELEASING = YES;
				CLANG_WARN_BOOL_CONVERSION = YES;
				CLANG_WARN_COMMA = YES;
				CLANG_WARN_CONSTANT_CONVERSION = YES;
				CLANG_WARN_DEPRECATED_OBJC_IMPLEMENTATIONS = YES;
				CLANG_WARN_DIRECT_OBJC_ISA_USAGE = YES_ERROR;
				CLANG_WARN_DOCUMENTATION_COMMENTS = YES;
				CLANG_WARN_EMPTY_BODY = YES;
				CLANG_WARN_ENUM_CONVERSION = YES;
				CLANG_WARN_INFINITE_RECURSION = YES;
				CLANG_WARN_INT_CONVERSION = YES;
				CLANG_WARN_NON_LITERAL_NULL_CONVERSION = YES;
				CLANG_WARN_OBJC_IMPLICIT_RETAIN_SELF = YES;
				CLANG_WARN_OBJC_LITERAL_CONVERSION = YES;
				CLANG_WARN_OBJC_ROOT_CLASS = YES_ERROR;
				CLANG_WARN_QUOTED_INCLUDE_IN_FRAMEWORK_HEADER = YES;
				CLANG_WARN_RANGE_LOOP_ANALYSIS = YES;
				CLANG_WARN_STRICT_PROTOTYPES = YES;
				CLANG_WARN_SUSPICIOUS_MOVE = YES;
				CLANG_WARN_UNGUARDED_AVAILABILITY = YES_AGGRESSIVE;
				CLANG_WARN_UNREACHABLE_CODE = YES;
				CLANG_WARN__DUPLICATE_METHOD_MATCH = YES;
				COPY_PHASE_STRIP = NO;
				DEBUG_INFORMATION_FORMAT = "dwarf-with-dsym";
				ENABLE_NS_ASSERTIONS = NO;
				ENABLE_STRICT_OBJC_MSGSEND = YES;
				ENABLE_USER_SCRIPT_SANDBOXING = YES;
				GCC_C_LANGUAGE_STANDARD = gnu17;
				GCC_NO_COMMON_BLOCKS = YES;
				GCC_WARN_64_TO_32_BIT_CONVERSION = YES;
				GCC_WARN_ABOUT_RETURN_TYPE = YES_ERROR;
				GCC_WARN_UNDECLARED_SELECTOR = YES;
				GCC_WARN_UNINITIALIZED_AUTOS = YES_AGGRESSIVE;
				GCC_WARN_UNUSED_FUNCTION = YES;
				GCC_WARN_UNUSED_VARIABLE = YES;
				LOCALIZATION_PREFERS_STRING_CATALOGS = YES;
				MTL_ENABLE_DEBUG_INFO = NO;
				MTL_FAST_MATH = YES;
				SWIFT_COMPILATION_MODE = wholemodule;
			};
			name = Release;
		};
		A795C10D2C0F68AF008C8AE2 /* Debug */ = {
			isa = XCBuildConfiguration;
			buildSettings = {
				ASSETCATALOG_COMPILER_APPICON_NAME = AppIcon;
				ASSETCATALOG_COMPILER_GLOBAL_ACCENT_COLOR_NAME = AccentColor;
				CODE_SIGN_ENTITLEMENTS = "Hell City/Hell_City.entitlements";
				"CODE_SIGN_IDENTITY[sdk=macosx*]" = "Apple Development";
				CODE_SIGN_STYLE = Automatic;
				CURRENT_PROJECT_VERSION = 1;
				DEVELOPMENT_ASSET_PATHS = "\"Hell City/Preview Content\"";
				DEVELOPMENT_TEAM = 73DNAYF2TM;
				ENABLE_HARDENED_RUNTIME = YES;
				ENABLE_PREVIEWS = YES;
				GENERATE_INFOPLIST_FILE = YES;
				INFOPLIST_KEY_CFBundleDisplayName = "Hell City";
				INFOPLIST_KEY_LSApplicationCategoryType = "public.app-category.strategy-games";
				"INFOPLIST_KEY_UIApplicationSceneManifest_Generation[sdk=iphoneos*]" = YES;
				"INFOPLIST_KEY_UIApplicationSceneManifest_Generation[sdk=iphonesimulator*]" = YES;
				"INFOPLIST_KEY_UIApplicationSupportsIndirectInputEvents[sdk=iphoneos*]" = YES;
				"INFOPLIST_KEY_UIApplicationSupportsIndirectInputEvents[sdk=iphonesimulator*]" = YES;
				"INFOPLIST_KEY_UILaunchScreen_Generation[sdk=iphoneos*]" = YES;
				"INFOPLIST_KEY_UILaunchScreen_Generation[sdk=iphonesimulator*]" = YES;
				INFOPLIST_KEY_UIRequiresFullScreen = YES;
				INFOPLIST_KEY_UIStatusBarHidden = YES;
				"INFOPLIST_KEY_UIStatusBarStyle[sdk=iphoneos*]" = UIStatusBarStyleDefault;
				"INFOPLIST_KEY_UIStatusBarStyle[sdk=iphonesimulator*]" = UIStatusBarStyleDefault;
				INFOPLIST_KEY_UISupportedInterfaceOrientations = "UIInterfaceOrientationLandscapeLeft UIInterfaceOrientationLandscapeRight";
				IPHONEOS_DEPLOYMENT_TARGET = 17.5;
				LD_RUNPATH_SEARCH_PATHS = "@executable_path/Frameworks";
				"LD_RUNPATH_SEARCH_PATHS[sdk=macosx*]" = "@executable_path/../Frameworks";
				MACOSX_DEPLOYMENT_TARGET = 14.4;
				MARKETING_VERSION = 1.0;
				PRODUCT_BUNDLE_IDENTIFIER = "com.gmm.Hell-City";
				PRODUCT_NAME = "$(TARGET_NAME)";
				SDKROOT = auto;
				SUPPORTED_PLATFORMS = "iphoneos iphonesimulator";
				SUPPORTS_MACCATALYST = NO;
				SWIFT_EMIT_LOC_STRINGS = YES;
				SWIFT_VERSION = 5.0;
				TARGETED_DEVICE_FAMILY = "1,2";
			};
			name = Debug;
		};
		A795C10E2C0F68AF008C8AE2 /* Release */ = {
			isa = XCBuildConfiguration;
			buildSettings = {
				ASSETCATALOG_COMPILER_APPICON_NAME = AppIcon;
				ASSETCATALOG_COMPILER_GLOBAL_ACCENT_COLOR_NAME = AccentColor;
				CODE_SIGN_ENTITLEMENTS = "Hell City/Hell_City.entitlements";
				"CODE_SIGN_IDENTITY[sdk=macosx*]" = "Apple Development";
				CODE_SIGN_STYLE = Automatic;
				CURRENT_PROJECT_VERSION = 1;
				DEVELOPMENT_ASSET_PATHS = "\"Hell City/Preview Content\"";
				DEVELOPMENT_TEAM = 73DNAYF2TM;
				ENABLE_HARDENED_RUNTIME = YES;
				ENABLE_PREVIEWS = YES;
				GENERATE_INFOPLIST_FILE = YES;
				INFOPLIST_KEY_CFBundleDisplayName = "Hell City";
				INFOPLIST_KEY_LSApplicationCategoryType = "public.app-category.strategy-games";
				"INFOPLIST_KEY_UIApplicationSceneManifest_Generation[sdk=iphoneos*]" = YES;
				"INFOPLIST_KEY_UIApplicationSceneManifest_Generation[sdk=iphonesimulator*]" = YES;
				"INFOPLIST_KEY_UIApplicationSupportsIndirectInputEvents[sdk=iphoneos*]" = YES;
				"INFOPLIST_KEY_UIApplicationSupportsIndirectInputEvents[sdk=iphonesimulator*]" = YES;
				"INFOPLIST_KEY_UILaunchScreen_Generation[sdk=iphoneos*]" = YES;
				"INFOPLIST_KEY_UILaunchScreen_Generation[sdk=iphonesimulator*]" = YES;
				INFOPLIST_KEY_UIRequiresFullScreen = YES;
				INFOPLIST_KEY_UIStatusBarHidden = YES;
				"INFOPLIST_KEY_UIStatusBarStyle[sdk=iphoneos*]" = UIStatusBarStyleDefault;
				"INFOPLIST_KEY_UIStatusBarStyle[sdk=iphonesimulator*]" = UIStatusBarStyleDefault;
				INFOPLIST_KEY_UISupportedInterfaceOrientations = "UIInterfaceOrientationLandscapeLeft UIInterfaceOrientationLandscapeRight";
				IPHONEOS_DEPLOYMENT_TARGET = 17.5;
				LD_RUNPATH_SEARCH_PATHS = "@executable_path/Frameworks";
				"LD_RUNPATH_SEARCH_PATHS[sdk=macosx*]" = "@executable_path/../Frameworks";
				MACOSX_DEPLOYMENT_TARGET = 14.4;
				MARKETING_VERSION = 1.0;
				PRODUCT_BUNDLE_IDENTIFIER = "com.gmm.Hell-City";
				PRODUCT_NAME = "$(TARGET_NAME)";
				SDKROOT = auto;
				SUPPORTED_PLATFORMS = "iphoneos iphonesimulator";
				SUPPORTS_MACCATALYST = NO;
				SWIFT_EMIT_LOC_STRINGS = YES;
				SWIFT_VERSION = 5.0;
				TARGETED_DEVICE_FAMILY = "1,2";
			};
			name = Release;
		};
/* End XCBuildConfiguration section */

/* Begin XCConfigurationList section */
		A795C0F82C0F68AE008C8AE2 /* Build configuration list for PBXProject "Hell City" */ = {
			isa = XCConfigurationList;
			buildConfigurations = (
				A795C10A2C0F68AF008C8AE2 /* Debug */,
				A795C10B2C0F68AF008C8AE2 /* Release */,
			);
			defaultConfigurationIsVisible = 0;
			defaultConfigurationName = Release;
		};
		A795C10C2C0F68AF008C8AE2 /* Build configuration list for PBXNativeTarget "Hell City" */ = {
			isa = XCConfigurationList;
			buildConfigurations = (
				A795C10D2C0F68AF008C8AE2 /* Debug */,
				A795C10E2C0F68AF008C8AE2 /* Release */,
			);
			defaultConfigurationIsVisible = 0;
			defaultConfigurationName = Release;
		};
/* End XCConfigurationList section */
	};
	rootObject = A795C0F52C0F68AE008C8AE2 /* Project object */;
}
